
Microsoft Visual Studio Solution File, Format Version 12.00
# Visual Studio Version 17
VisualStudioVersion = 17.8.34309.116
MinimumVisualStudioVersion = 10.0.40219.1
Project("{8BC9CEB8-8B4A-11D0-8D11-00A0C91BC942}") = "Prog7_2_1", "Prog7_2_1\Prog7_2_1.vcxproj", "{6F8F5B7E-7B20-407B-8D1A-B571C9EB582D}"
EndProject
Project("{8BC9CEB8-8B4A-11D0-8D11-00A0C91BC942}") = "prog7_2_2", "prog7_2_2\prog7_2_2.vcxproj", "{FFD2606B-1953-497F-96F9-55BECF6A64AB}"
EndProject
Project("{8BC9CEB8-8B4A-11D0-8D11-00A0C91BC942}") = "Prog7_2_3", "Prog7_2_3\Prog7_2_3.vcxproj", "{DA348ED5-B430-40F5-9BC2-EA140A3ECA43}"
EndProject
Project("{8BC9CEB8-8B4A-11D0-8D11-00A0C91BC942}") = "Prog7_2_4", "Prog7_2_4\Prog7_2_4.vcxproj", "{2BAF0049-F74B-487E-89A9-2F33259434DF}"
EndProject
Project("{8BC9CEB8-8B4A-11D0-8D11-00A0C91BC942}") = "Prog7_2_5", "Prog7_2_5\Prog7_2_5.vcxproj", "{593B02EB-11A5-4260-9C44-7403070C70BF}"
EndProject
Project("{8BC9CEB8-8B4A-11D0-8D11-00A0C91BC942}") = "Prog7_2_6", "Prog7_2_6\Prog7_2_6.vcxproj", "{B624E171-3CA2-4F47-A3A4-B7FA8CCAC063}"
EndProject
Project("{8BC9CEB8-8B4A-11D0-8D11-00A0C91BC942}") = "Prog7_2_7", "Prog7_2_7\Prog7_2_7.vcxproj", "{C810299B-AC0B-4C5C-B47B-F8F5D431956E}"
EndProject
Project("{8BC9CEB8-8B4A-11D0-8D11-00A0C91BC942}") = "Prog7_2_8", "Prog7_2_8\Prog7_2_8.vcxproj", "{C7134AE6-A3F5-4520-99DB-8B25598B461F}"
EndProject
Global
	GlobalSection(SolutionConfigurationPlatforms) = preSolution
		Debug|x64 = Debug|x64
		Debug|x86 = Debug|x86
		Release|x64 = Release|x64
		Release|x86 = Release|x86
	EndGlobalSection
	GlobalSection(ProjectConfigurationPlatforms) = postSolution
		{6F8F5B7E-7B20-407B-8D1A-B571C9EB582D}.Debug|x64.ActiveCfg = Debug|x64
		{6F8F5B7E-7B20-407B-8D1A-B571C9EB582D}.Debug|x64.Build.0 = Debug|x64
		{6F8F5B7E-7B20-407B-8D1A-B571C9EB582D}.Debug|x86.ActiveCfg = Debug|Win32
		{6F8F5B7E-7B20-407B-8D1A-B571C9EB582D}.Debug|x86.Build.0 = Debug|Win32
		{6F8F5B7E-7B20-407B-8D1A-B571C9EB582D}.Release|x64.ActiveCfg = Release|x64
		{6F8F5B7E-7B20-407B-8D1A-B571C9EB582D}.Release|x64.Build.0 = Release|x64
		{6F8F5B7E-7B20-407B-8D1A-B571C9EB582D}.Release|x86.ActiveCfg = Release|Win32
		{6F8F5B7E-7B20-407B-8D1A-B571C9EB582D}.Release|x86.Build.0 = Release|Win32
		{FFD2606B-1953-497F-96F9-55BECF6A64AB}.Debug|x64.ActiveCfg = Debug|x64
		{FFD2606B-1953-497F-96F9-55BECF6A64AB}.Debug|x64.Build.0 = Debug|x64
		{FFD2606B-1953-497F-96F9-55BECF6A64AB}.Debug|x86.ActiveCfg = Debug|Win32
		{FFD2606B-1953-497F-96F9-55BECF6A64AB}.Debug|x86.Build.0 = Debug|Win32
		{FFD2606B-1953-497F-96F9-55BECF6A64AB}.Release|x64.ActiveCfg = Release|x64
		{FFD2606B-1953-497F-96F9-55BECF6A64AB}.Release|x64.Build.0 = Release|x64
		{FFD2606B-1953-497F-96F9-55BECF6A64AB}.Release|x86.ActiveCfg = Release|Win32
		{FFD2606B-1953-497F-96F9-55BECF6A64AB}.Release|x86.Build.0 = Release|Win32
		{DA348ED5-B430-40F5-9BC2-EA140A3ECA43}.Debug|x64.ActiveCfg = Debug|x64
		{DA348ED5-B430-40F5-9BC2-EA140A3ECA43}.Debug|x64.Build.0 = Debug|x64
		{DA348ED5-B430-40F5-9BC2-EA140A3ECA43}.Debug|x86.ActiveCfg = Debug|Win32
		{DA348ED5-B430-40F5-9BC2-EA140A3ECA43}.Debug|x86.Build.0 = Debug|Win32
		{DA348ED5-B430-40F5-9BC2-EA140A3ECA43}.Release|x64.ActiveCfg = Release|x64
		{DA348ED5-B430-40F5-9BC2-EA140A3ECA43}.Release|x64.Build.0 = Release|x64
		{DA348ED5-B430-40F5-9BC2-EA140A3ECA43}.Release|x86.ActiveCfg = Release|Win32
		{DA348ED5-B430-40F5-9BC2-EA140A3ECA43}.Release|x86.Build.0 = Release|Win32
		{2BAF0049-F74B-487E-89A9-2F33259434DF}.Debug|x64.ActiveCfg = Debug|x64
		{2BAF0049-F74B-487E-89A9-2F33259434DF}.Debug|x64.Build.0 = Debug|x64
		{2BAF0049-F74B-487E-89A9-2F33259434DF}.Debug|x86.ActiveCfg = Debug|Win32
		{2BAF0049-F74B-487E-89A9-2F33259434DF}.Debug|x86.Build.0 = Debug|Win32
		{2BAF0049-F74B-487E-89A9-2F33259434DF}.Release|x64.ActiveCfg = Release|x64
		{2BAF0049-F74B-487E-89A9-2F33259434DF}.Release|x64.Build.0 = Release|x64
		{2BAF0049-F74B-487E-89A9-2F33259434DF}.Release|x86.ActiveCfg = Release|Win32
		{2BAF0049-F74B-487E-89A9-2F33259434DF}.Release|x86.Build.0 = Release|Win32
		{593B02EB-11A5-4260-9C44-7403070C70BF}.Debug|x64.ActiveCfg = Debug|x64
		{593B02EB-11A5-4260-9C44-7403070C70BF}.Debug|x64.Build.0 = Debug|x64
		{593B02EB-11A5-4260-9C44-7403070C70BF}.Debug|x86.ActiveCfg = Debug|Win32
		{593B02EB-11A5-4260-9C44-7403070C70BF}.Debug|x86.Build.0 = Debug|Win32
		{593B02EB-11A5-4260-9C44-7403070C70BF}.Release|x64.ActiveCfg = Release|x64
		{593B02EB-11A5-4260-9C44-7403070C70BF}.Release|x64.Build.0 = Release|x64
		{593B02EB-11A5-4260-9C44-7403070C70BF}.Release|x86.ActiveCfg = Release|Win32
		{593B02EB-11A5-4260-9C44-7403070C70BF}.Release|x86.Build.0 = Release|Win32
		{B624E171-3CA2-4F47-A3A4-B7FA8CCAC063}.Debug|x64.ActiveCfg = Debug|x64
		{B624E171-3CA2-4F47-A3A4-B7FA8CCAC063}.Debug|x64.Build.0 = Debug|x64
		{B624E171-3CA2-4F47-A3A4-B7FA8CCAC063}.Debug|x86.ActiveCfg = Debug|Win32
		{B624E171-3CA2-4F47-A3A4-B7FA8CCAC063}.Debug|x86.Build.0 = Debug|Win32
		{B624E171-3CA2-4F47-A3A4-B7FA8CCAC063}.Release|x64.ActiveCfg = Release|x64
		{B624E171-3CA2-4F47-A3A4-B7FA8CCAC063}.Release|x64.Build.0 = Release|x64
		{B624E171-3CA2-4F47-A3A4-B7FA8CCAC063}.Release|x86.ActiveCfg = Release|Win32
		{B624E171-3CA2-4F47-A3A4-B7FA8CCAC063}.Release|x86.Build.0 = Release|Win32
		{C810299B-AC0B-4C5C-B47B-F8F5D431956E}.Debug|x64.ActiveCfg = Debug|x64
		{C810299B-AC0B-4C5C-B47B-F8F5D431956E}.Debug|x64.Build.0 = Debug|x64
		{C810299B-AC0B-4C5C-B47B-F8F5D431956E}.Debug|x86.ActiveCfg = Debug|Win32
		{C810299B-AC0B-4C5C-B47B-F8F5D431956E}.Debug|x86.Build.0 = Debug|Win32
		{C810299B-AC0B-4C5C-B47B-F8F5D431956E}.Release|x64.ActiveCfg = Release|x64
		{C810299B-AC0B-4C5C-B47B-F8F5D431956E}.Release|x64.Build.0 = Release|x64
		{C810299B-AC0B-4C5C-B47B-F8F5D431956E}.Release|x86.ActiveCfg = Release|Win32
		{C810299B-AC0B-4C5C-B47B-F8F5D431956E}.Release|x86.Build.0 = Release|Win32
		{C7134AE6-A3F5-4520-99DB-8B25598B461F}.Debug|x64.ActiveCfg = Debug|x64
		{C7134AE6-A3F5-4520-99DB-8B25598B461F}.Debug|x64.Build.0 = Debug|x64
		{C7134AE6-A3F5-4520-99DB-8B25598B461F}.Debug|x86.ActiveCfg = Debug|Win32
		{C7134AE6-A3F5-4520-99DB-8B25598B461F}.Debug|x86.Build.0 = Debug|Win32
		{C7134AE6-A3F5-4520-99DB-8B25598B461F}.Release|x64.ActiveCfg = Release|x64
		{C7134AE6-A3F5-4520-99DB-8B25598B461F}.Release|x64.Build.0 = Release|x64
		{C7134AE6-A3F5-4520-99DB-8B25598B461F}.Release|x86.ActiveCfg = Release|Win32
		{C7134AE6-A3F5-4520-99DB-8B25598B461F}.Release|x86.Build.0 = Release|Win32
	EndGlobalSection
	GlobalSection(SolutionProperties) = preSolution
		HideSolutionNode = FALSE
	EndGlobalSection
	GlobalSection(ExtensibilityGlobals) = postSolution
		SolutionGuid = {EF364558-57B3-49EF-BE13-4E308025086A}
	EndGlobalSection
EndGlobal
